
Microsoft Visual Studio Solution File, Format Version 12.00
# Visual Studio 14
VisualStudioVersion = 14.0.24720.0
MinimumVisualStudioVersion = 10.0.40219.1
Project("{FAE04EC0-301F-11D3-BF4B-00C04F79EFBC}") = "Timer", "Timer\Timer.csproj", "{A29A9DA4-BB01-471A-B379-5FCA96256E6C}"
EndProject
Project("{2150E333-8FDC-42A3-9474-1A3956D46DE8}") = "Solution Items", "Solution Items", "{B58F3A46-91C9-47D4-8A55-EC2F4A80A53A}"
	ProjectSection(SolutionItems) = preProject
		LICENSE = LICENSE
	EndProjectSection
EndProject
Global
	GlobalSection(SolutionConfigurationPlatforms) = preSolution
		Debug|Any CPU = Debug|Any CPU
		Release|Any CPU = Release|Any CPU
	EndGlobalSection
	GlobalSection(ProjectConfigurationPlatforms) = postSolution
		{A29A9DA4-BB01-471A-B379-5FCA96256E6C}.Debug|Any CPU.ActiveCfg = Debug|Any CPU
		{A29A9DA4-BB01-471A-B379-5FCA96256E6C}.Debug|Any CPU.Build.0 = Debug|Any CPU
		{A29A9DA4-BB01-471A-B379-5FCA96256E6C}.Release|Any CPU.ActiveCfg = Release|Any CPU
		{A29A9DA4-BB01-471A-B379-5FCA96256E6C}.Release|Any CPU.Build.0 = Release|Any CPU
	EndGlobalSection
	GlobalSection(SolutionProperties) = preSolution
		HideSolutionNode = FALSE
	EndGlobalSection
EndGlobal
